
Microsoft Visual Studio Solution File, Format Version 12.00
# Visual Studio Version 17
VisualStudioVersion = 17.8.34330.188
MinimumVisualStudioVersion = 10.0.40219.1
Project("{FAE04EC0-301F-11D3-BF4B-00C04F79EFBC}") = "NetBootcamp-Project-1", "NetBootcamp-Project-1\NetBootcamp-Project-1.csproj", "{191D5977-5D2A-46E2-BB2E-35F35D5C63CC}"
EndProject
Global
	GlobalSection(SolutionConfigurationPlatforms) = preSolution
		Debug|Any CPU = Debug|Any CPU
		Release|Any CPU = Release|Any CPU
	EndGlobalSection
	GlobalSection(ProjectConfigurationPlatforms) = postSolution
		{191D5977-5D2A-46E2-BB2E-35F35D5C63CC}.Debug|Any CPU.ActiveCfg = Debug|Any CPU
		{191D5977-5D2A-46E2-BB2E-35F35D5C63CC}.Debug|Any CPU.Build.0 = Debug|Any CPU
		{191D5977-5D2A-46E2-BB2E-35F35D5C63CC}.Release|Any CPU.ActiveCfg = Release|Any CPU
		{191D5977-5D2A-46E2-BB2E-35F35D5C63CC}.Release|Any CPU.Build.0 = Release|Any CPU
	EndGlobalSection
	GlobalSection(SolutionProperties) = preSolution
		HideSolutionNode = FALSE
	EndGlobalSection
	GlobalSection(ExtensibilityGlobals) = postSolution
		SolutionGuid = {BA63D2FF-6656-4AD1-81B5-E592086F6B89}
	EndGlobalSection
EndGlobal
